
Microsoft Visual Studio Solution File, Format Version 12.00
# Visual Studio Version 16
VisualStudioVersion = 16.0.28803.156
MinimumVisualStudioVersion = 10.0.40219.1
Project("{FAE04EC0-301F-11D3-BF4B-00C04F79EFBC}") = "DisruptorPlayground", "DisruptorPlayground.csproj", "{BB1CC363-84D0-447E-B0D6-A7BA1B907020}"
EndProject
Global
	GlobalSection(SolutionConfigurationPlatforms) = preSolution
		Debug|Any CPU = Debug|Any CPU
		Release|Any CPU = Release|Any CPU
	EndGlobalSection
	GlobalSection(ProjectConfigurationPlatforms) = postSolution
		{BB1CC363-84D0-447E-B0D6-A7BA1B907020}.Debug|Any CPU.ActiveCfg = Debug|Any CPU
		{BB1CC363-84D0-447E-B0D6-A7BA1B907020}.Debug|Any CPU.Build.0 = Debug|Any CPU
		{BB1CC363-84D0-447E-B0D6-A7BA1B907020}.Release|Any CPU.ActiveCfg = Release|Any CPU
		{BB1CC363-84D0-447E-B0D6-A7BA1B907020}.Release|Any CPU.Build.0 = Release|Any CPU
	EndGlobalSection
	GlobalSection(SolutionProperties) = preSolution
		HideSolutionNode = FALSE
	EndGlobalSection
	GlobalSection(ExtensibilityGlobals) = postSolution
		SolutionGuid = {4F620B26-B3A9-4FC7-AB69-3AB419F63114}
	EndGlobalSection
EndGlobal
